Microsoft Visual Studio Solution File, Format Version 11.00
# Visual Studio 2010
Project("{FAE04EC0-301F-11D3-BF4B-00C04F79EFBC}") = "EcoBand", "EcoBand.csproj", "{32FF8070-6D3B-4B44-AC6F-284A0ECC54CD}"
EndProject
Global
	GlobalSection(SolutionConfigurationPlatforms) = preSolution
		Debug|Any CPU = Debug|Any CPU
		Release|Any CPU = Release|Any CPU
	EndGlobalSection
	GlobalSection(ProjectConfigurationPlatforms) = postSolution
		{32FF8070-6D3B-4B44-AC6F-284A0ECC54CD}.Debug|Any CPU.ActiveCfg = Debug|Any CPU
		{32FF8070-6D3B-4B44-AC6F-284A0ECC54CD}.Debug|Any CPU.Build.0 = Debug|Any CPU
		{32FF8070-6D3B-4B44-AC6F-284A0ECC54CD}.Debug|Any CPU.Deploy.0 = Debug|Any CPU
		{32FF8070-6D3B-4B44-AC6F-284A0ECC54CD}.Release|Any CPU.ActiveCfg = Release|Any CPU
		{32FF8070-6D3B-4B44-AC6F-284A0ECC54CD}.Release|Any CPU.Build.0 = Release|Any CPU
		{32FF8070-6D3B-4B44-AC6F-284A0ECC54CD}.Release|Any CPU.Deploy.0 = Release|Any CPU
	EndGlobalSection
	GlobalSection(SolutionProperties) = preSolution
		HideSolutionNode = FALSE
	EndGlobalSection
	GlobalSection(MonoDevelopProperties) = preSolution
		StartupItem = EcoBand.csproj
		Policies = $0
		$0.TextStylePolicy = $1
		$1.FileWidth = 180
		$1.EolMarker = Unix
		$1.inheritsSet = VisualStudio
		$1.inheritsScope = text/plain
		$1.scope = text/x-csharp
		$0.CSharpFormattingPolicy = $2
		$2.IndentSwitchSection = True
		$2.NewLinesForBracesInTypes = False
		$2.NewLinesForBracesInMethods = False
		$2.NewLineForElse = True
		$2.NewLineForCatch = True
		$2.NewLineForFinally = True
		$2.NewLineForMembersInObjectInit = True
		$2.NewLineForMembersInAnonymousTypes = True
		$2.SpacingAfterMethodDeclarationName = False
		$2.SpaceAfterMethodCallName = False
		$2.SpaceAfterCast = True
		$2.SpaceBeforeOpenSquareBracket = False
		$2.inheritsSet = Mono
		$2.inheritsScope = text/x-csharp
		$2.scope = text/x-csharp
		$0.DotNetNamingPolicy = $3
		$3.DirectoryNamespaceAssociation = Hierarchical
		$3.ResourceNamePolicy = FileFormatDefault
		$0.NameConventionPolicy = $4
		$4.Rules = $5
		$5.NamingRule = $6
		$6.Name = Type Parameters
		$6.AffectedEntity = TypeParameter
		$6.VisibilityMask = VisibilityMask
		$6.NamingStyle = PascalCase
		$6.IncludeInstanceMembers = True
		$6.IncludeStaticEntities = True
		$6.RequiredPrefixes = $7
		$7.String = T
		$6.RequiredSuffixes = $8
		$8.String = Exception
	EndGlobalSection
EndGlobal
